
Microsoft Visual Studio Solution File, Format Version 12.00
# Visual Studio 15
VisualStudioVersion = 15.0.26730.12
MinimumVisualStudioVersion = 10.0.40219.1
Project("{FAE04EC0-301F-11D3-BF4B-00C04F79EFBC}") = "OnlyT", "OnlyT\OnlyT.csproj", "{4A02D18A-0956-40FA-A4EC-9CB27A72B455}"
EndProject
Project("{FAE04EC0-301F-11D3-BF4B-00C04F79EFBC}") = "OnlyT.AnalogueClock", "OnlyT.AnalogueClock\OnlyT.AnalogueClock.csproj", "{5A65FEAF-791D-417C-A355-3155A1B1DF19}"
EndProject
Project("{2150E333-8FDC-42A3-9474-1A3956D46DE8}") = "SolutionItems", "SolutionItems", "{627A8CD8-B9F3-4D53-A7A3-AA2BEE9442EC}"
	ProjectSection(SolutionItems) = preProject
		SolutionInfo.cs = SolutionInfo.cs
	EndProjectSection
EndProject
Global
	GlobalSection(SolutionConfigurationPlatforms) = preSolution
		Debug|Any CPU = Debug|Any CPU
		Release|Any CPU = Release|Any CPU
	EndGlobalSection
	GlobalSection(ProjectConfigurationPlatforms) = postSolution
		{4A02D18A-0956-40FA-A4EC-9CB27A72B455}.Debug|Any CPU.ActiveCfg = Debug|Any CPU
		{4A02D18A-0956-40FA-A4EC-9CB27A72B455}.Debug|Any CPU.Build.0 = Debug|Any CPU
		{4A02D18A-0956-40FA-A4EC-9CB27A72B455}.Release|Any CPU.ActiveCfg = Release|Any CPU
		{4A02D18A-0956-40FA-A4EC-9CB27A72B455}.Release|Any CPU.Build.0 = Release|Any CPU
		{5A65FEAF-791D-417C-A355-3155A1B1DF19}.Debug|Any CPU.ActiveCfg = Debug|Any CPU
		{5A65FEAF-791D-417C-A355-3155A1B1DF19}.Debug|Any CPU.Build.0 = Debug|Any CPU
		{5A65FEAF-791D-417C-A355-3155A1B1DF19}.Release|Any CPU.ActiveCfg = Release|Any CPU
		{5A65FEAF-791D-417C-A355-3155A1B1DF19}.Release|Any CPU.Build.0 = Release|Any CPU
	EndGlobalSection
	GlobalSection(SolutionProperties) = preSolution
		HideSolutionNode = FALSE
	EndGlobalSection
	GlobalSection(ExtensibilityGlobals) = postSolution
		SolutionGuid = {34689F2D-A602-46F7-9890-EB7E8B97A512}
	EndGlobalSection
EndGlobal
